{
  "nodes": {
    "dotfiles": {
      "flake": false,
      "locked": {
        "lastModified": 1688733748,
        "narHash": "sha256-d9x9QkVKccfCSFI46t727kkW8MU7fyPvyEwrL7BXIsg=",
        "ref": "refs/heads/master",
        "rev": "282812c97794dea23b6f037d648dab81db398f8d",
        "revCount": 106,
        "type": "git",
        "url": "https://github.com/wxxxcxx/dotfiles"
      },
      "original": {
        "type": "git",
        "url": "https://github.com/wxxxcxx/dotfiles"
      }
    },
    "flake-utils": {
      "locked": {
        "lastModified": 1638122382,
        "narHash": "sha256-sQzZzAbvKEqN9s0bzWuYmRaA03v40gaJ4+iL1LXjaeI=",
        "owner": "numtide",
        "repo": "flake-utils",
        "rev": "74f7e4319258e287b0f9cb95426c9853b282730b",
        "type": "github"
      },
      "original": {
        "owner": "numtide",
        "repo": "flake-utils",
        "type": "github"
      }
    },
    "home-manager": {
      "inputs": {
        "nixpkgs": [
          "nixpkgs"
        ]
      },
      "locked": {
        "lastModified": 1688731042,
        "narHash": "sha256-D1p/LLP1SpDYjutt9W+O5Ek+XGdszsjYjvL30ad++OY=",
        "owner": "nix-community",
        "repo": "home-manager",
        "rev": "34db2f05219bcb0e41cc85490e4c338e2405546c",
        "type": "github"
      },
      "original": {
        "owner": "nix-community",
        "repo": "home-manager",
        "type": "github"
      }
    },
    "nixos-cn": {
      "inputs": {
        "flake-utils": "flake-utils",
        "nixpkgs": [
          "nixpkgs"
        ]
      },
      "locked": {
        "lastModified": 1682818384,
        "narHash": "sha256-l8jh9BQj6nfjPDYGyrZkZwX1GaOqBX+pBHU+7fFZU3w=",
        "owner": "nixos-cn",
        "repo": "flakes",
        "rev": "2d475ec68cca251ef6c6c69a9224db5c264c5e5b",
        "type": "github"
      },
      "original": {
        "owner": "nixos-cn",
        "repo": "flakes",
        "type": "github"
      }
    },
    "nixpkgs": {
      "locked": {
        "lastModified": 1688590700,
        "narHash": "sha256-ZF055rIUP89cVwiLpG5xkJzx00gEuuGFF60Bs/LM3wc=",
        "owner": "NixOS",
        "repo": "nixpkgs",
        "rev": "f292b4964cb71f9dfbbd30dc9f511d6165cd109b",
        "type": "github"
      },
      "original": {
        "owner": "NixOS",
        "ref": "nixos-unstable",
        "repo": "nixpkgs",
        "type": "github"
      }
    },
    "nixpkgs-nur": {
      "locked": {
        "lastModified": 1688750035,
        "narHash": "sha256-UGkWv73nThU+IMgAb8NGNFSkgbCmtWgzXi6t031uSc8=",
        "owner": "nix-community",
        "repo": "NUR",
        "rev": "6b381f9b46985bccbd1fc82b77f74328176f2811",
        "type": "github"
      },
      "original": {
        "owner": "nix-community",
        "repo": "NUR",
        "type": "github"
      }
    },
    "nixpkgs-stable": {
      "locked": {
        "lastModified": 1688594934,
        "narHash": "sha256-3dUo20PsmUd57jVZRx5vgKyIN1tv+v/JQweZsve5q/A=",
        "owner": "nixos",
        "repo": "nixpkgs",
        "rev": "e11142026e2cef35ea52c9205703823df225c947",
        "type": "github"
      },
      "original": {
        "owner": "nixos",
        "ref": "nixos-23.05",
        "repo": "nixpkgs",
        "type": "github"
      }
    },
    "nvim": {
      "flake": false,
      "locked": {
        "lastModified": 1676049207,
        "narHash": "sha256-1Yulzo7xsiYoBMivi/0Hg+SZEcHfgwNieuGAJEnQaOM=",
        "owner": "wxxxcxx",
        "repo": "nvim",
        "rev": "d00e0c6152d74850bc629897897002a25edd1207",
        "type": "github"
      },
      "original": {
        "owner": "wxxxcxx",
        "repo": "nvim",
        "type": "github"
      }
    },
    "programs-sqlite": {
      "inputs": {
        "nixpkgs": [
          "nixpkgs"
        ],
        "utils": "utils"
      },
      "locked": {
        "lastModified": 1688733189,
        "narHash": "sha256-+3A34nzRtOfnmNvit4AvuiyMFNvhWSVYvYkGRnBMc5I=",
        "owner": "wamserma",
        "repo": "flake-programs-sqlite",
        "rev": "9633cbfa6db731f95dd57e5571f084f055cfe7b3",
        "type": "github"
      },
      "original": {
        "owner": "wamserma",
        "repo": "flake-programs-sqlite",
        "type": "github"
      }
    },
    "root": {
      "inputs": {
        "dotfiles": "dotfiles",
        "home-manager": "home-manager",
        "nixos-cn": "nixos-cn",
        "nixpkgs": "nixpkgs",
        "nixpkgs-nur": "nixpkgs-nur",
        "nixpkgs-stable": "nixpkgs-stable",
        "nvim": "nvim",
        "programs-sqlite": "programs-sqlite"
      }
    },
    "utils": {
      "locked": {
        "lastModified": 1678901627,
        "narHash": "sha256-U02riOqrKKzwjsxc/400XnElV+UtPUQWpANPlyazjH0=",
        "owner": "numtide",
        "repo": "flake-utils",
        "rev": "93a2b84fc4b70d9e089d029deacc3583435c2ed6",
        "type": "github"
      },
      "original": {
        "owner": "numtide",
        "repo": "flake-utils",
        "type": "github"
      }
    }
  },
  "root": "root",
  "version": 7
}
