{
  "nodes": {
    "dotfiles": {
      "flake": false,
      "locked": {
        "lastModified": 1688228097,
        "narHash": "sha256-j/5ctiM8Y9nEeWI/xyqgBr3pYZHZMVV98pChgFfSv3w=",
        "ref": "refs/heads/master",
        "rev": "f5971bcb2cad12fa258b6e369e2fc2444dff64e1",
        "revCount": 104,
        "type": "git",
        "url": "https://github.com/wxxxcxx/dotfiles"
      },
      "original": {
        "type": "git",
        "url": "https://github.com/wxxxcxx/dotfiles"
      }
    },
    "flake-utils": {
      "locked": {
        "lastModified": 1638122382,
        "narHash": "sha256-sQzZzAbvKEqN9s0bzWuYmRaA03v40gaJ4+iL1LXjaeI=",
        "owner": "numtide",
        "repo": "flake-utils",
        "rev": "74f7e4319258e287b0f9cb95426c9853b282730b",
        "type": "github"
      },
      "original": {
        "owner": "numtide",
        "repo": "flake-utils",
        "type": "github"
      }
    },
    "home-manager": {
      "inputs": {
        "nixpkgs": [
          "nixpkgs"
        ]
      },
      "locked": {
        "lastModified": 1688220547,
        "narHash": "sha256-cNKKLPaEOxd6t22Mt3tHGubyylbKGdoi2A3QkMTKes0=",
        "owner": "nix-community",
        "repo": "home-manager",
        "rev": "89d10f8adce369a80e046c2fd56d1e7b7507bb5b",
        "type": "github"
      },
      "original": {
        "owner": "nix-community",
        "repo": "home-manager",
        "type": "github"
      }
    },
    "nixos-cn": {
      "inputs": {
        "flake-utils": "flake-utils",
        "nixpkgs": [
          "nixpkgs"
        ]
      },
      "locked": {
        "lastModified": 1682818384,
        "narHash": "sha256-l8jh9BQj6nfjPDYGyrZkZwX1GaOqBX+pBHU+7fFZU3w=",
        "owner": "nixos-cn",
        "repo": "flakes",
        "rev": "2d475ec68cca251ef6c6c69a9224db5c264c5e5b",
        "type": "github"
      },
      "original": {
        "owner": "nixos-cn",
        "repo": "flakes",
        "type": "github"
      }
    },
    "nixpkgs": {
      "locked": {
        "lastModified": 1688049487,
        "narHash": "sha256-100g4iaKC9MalDjUW9iN6Jl/OocTDtXdeAj7pEGIRh4=",
        "owner": "NixOS",
        "repo": "nixpkgs",
        "rev": "4bc72cae107788bf3f24f30db2e2f685c9298dc9",
        "type": "github"
      },
      "original": {
        "owner": "NixOS",
        "ref": "nixos-unstable",
        "repo": "nixpkgs",
        "type": "github"
      }
    },
    "nixpkgs-nur": {
      "locked": {
        "lastModified": 1688223583,
        "narHash": "sha256-TfImJE/RFV61ofn2EN/IZ6CwlSjpynF+zljlmI0SwYA=",
        "owner": "nix-community",
        "repo": "NUR",
        "rev": "43d6f9f792635c5cdfdfbbd5e0aa96b0b6975cd1",
        "type": "github"
      },
      "original": {
        "owner": "nix-community",
        "repo": "NUR",
        "type": "github"
      }
    },
    "nixpkgs-stable": {
      "locked": {
        "lastModified": 1688109178,
        "narHash": "sha256-BSdeYp331G4b1yc7GIRgAnfUyaktW2nl7k0C577Tttk=",
        "owner": "nixos",
        "repo": "nixpkgs",
        "rev": "b72aa95f7f096382bff3aea5f8fde645bca07422",
        "type": "github"
      },
      "original": {
        "owner": "nixos",
        "ref": "nixos-23.05",
        "repo": "nixpkgs",
        "type": "github"
      }
    },
    "nvim": {
      "flake": false,
      "locked": {
        "lastModified": 1676049207,
        "narHash": "sha256-1Yulzo7xsiYoBMivi/0Hg+SZEcHfgwNieuGAJEnQaOM=",
        "owner": "wxxxcxx",
        "repo": "nvim",
        "rev": "d00e0c6152d74850bc629897897002a25edd1207",
        "type": "github"
      },
      "original": {
        "owner": "wxxxcxx",
        "repo": "nvim",
        "type": "github"
      }
    },
    "programs-sqlite": {
      "inputs": {
        "nixpkgs": [
          "nixpkgs"
        ],
        "utils": "utils"
      },
      "locked": {
        "lastModified": 1688226728,
        "narHash": "sha256-fYzt4gbojS5EVLRa+aZbf30olaAi6pJrcCIZHFi+oIk=",
        "owner": "wamserma",
        "repo": "flake-programs-sqlite",
        "rev": "7cd682e9351a455a608faa234a25e2bd13e2d52b",
        "type": "github"
      },
      "original": {
        "owner": "wamserma",
        "repo": "flake-programs-sqlite",
        "type": "github"
      }
    },
    "root": {
      "inputs": {
        "dotfiles": "dotfiles",
        "home-manager": "home-manager",
        "nixos-cn": "nixos-cn",
        "nixpkgs": "nixpkgs",
        "nixpkgs-nur": "nixpkgs-nur",
        "nixpkgs-stable": "nixpkgs-stable",
        "nvim": "nvim",
        "programs-sqlite": "programs-sqlite"
      }
    },
    "utils": {
      "locked": {
        "lastModified": 1678901627,
        "narHash": "sha256-U02riOqrKKzwjsxc/400XnElV+UtPUQWpANPlyazjH0=",
        "owner": "numtide",
        "repo": "flake-utils",
        "rev": "93a2b84fc4b70d9e089d029deacc3583435c2ed6",
        "type": "github"
      },
      "original": {
        "owner": "numtide",
        "repo": "flake-utils",
        "type": "github"
      }
    }
  },
  "root": "root",
  "version": 7
}
